
Microsoft Visual Studio Solution File, Format Version 12.00
# Visual Studio 15
VisualStudioVersion = 15.0.28307.1622
MinimumVisualStudioVersion = 10.0.40219.1
Project("{FAE04EC0-301F-11D3-BF4B-00C04F79EFBC}") = "SharpJenkinsAPI", "SharpJenkinsAPI\SharpJenkinsAPI.csproj", "{39BEC0B8-627A-4649-AEDE-FB70BE4BFCC1}"
EndProject
Global
	GlobalSection(SolutionConfigurationPlatforms) = preSolution
		Debug|Any CPU = Debug|Any CPU
		Release|Any CPU = Release|Any CPU
	EndGlobalSection
	GlobalSection(ProjectConfigurationPlatforms) = postSolution
		{39BEC0B8-627A-4649-AEDE-FB70BE4BFCC1}.Debug|Any CPU.ActiveCfg = Debug|Any CPU
		{39BEC0B8-627A-4649-AEDE-FB70BE4BFCC1}.Debug|Any CPU.Build.0 = Debug|Any CPU
		{39BEC0B8-627A-4649-AEDE-FB70BE4BFCC1}.Release|Any CPU.ActiveCfg = Release|Any CPU
		{39BEC0B8-627A-4649-AEDE-FB70BE4BFCC1}.Release|Any CPU.Build.0 = Release|Any CPU
	EndGlobalSection
	GlobalSection(SolutionProperties) = preSolution
		HideSolutionNode = FALSE
	EndGlobalSection
	GlobalSection(ExtensibilityGlobals) = postSolution
		SolutionGuid = {245F9685-0F74-4850-980A-9DF827F624D9}
	EndGlobalSection
EndGlobal
